// !$*UTF8*$!
{
	archiveVersion = 1;
	classes = {
	};
	objectVersion = 56;
	objects = {

/* Begin PBXBuildFile section */
		1A7F3C2124784FF4C8D86ADD /* Pods_RockPaperScissorTests.framework in Frameworks */ = {isa = PBXBuildFile; fileRef = BE5D089F2ED6C952A219EFAD /* Pods_RockPaperScissorTests.framework */; };
		47633C1B29F4A28B0040DE10 /* RockPaperScissorApp.swift in Sources */ = {isa = PBXBuildFile; fileRef = 47633C1A29F4A28B0040DE10 /* RockPaperScissorApp.swift */; };
		47633C1D29F4A28B0040DE10 /* ContentView.swift in Sources */ = {isa = PBXBuildFile; fileRef = 47633C1C29F4A28B0040DE10 /* ContentView.swift */; };
		47633C1F29F4A28D0040DE10 /* Assets.xcassets in Resources */ = {isa = PBXBuildFile; fileRef = 47633C1E29F4A28D0040DE10 /* Assets.xcassets */; };
		47633C2C29F4A28D0040DE10 /* RockPaperScissorTests.swift in Sources */ = {isa = PBXBuildFile; fileRef = 47633C2B29F4A28D0040DE10 /* RockPaperScissorTests.swift */; };
		47633C3629F4A28D0040DE10 /* RockPaperScissorUITests.swift in Sources */ = {isa = PBXBuildFile; fileRef = 47633C3529F4A28D0040DE10 /* RockPaperScissorUITests.swift */; };
		47633C3829F4A28D0040DE10 /* RockPaperScissorUITestsLaunchTests.swift in Sources */ = {isa = PBXBuildFile; fileRef = 47633C3729F4A28D0040DE10 /* RockPaperScissorUITestsLaunchTests.swift */; };
		6326144BB30B4114F3A02B74 /* Pods_RockPaperScissor.framework in Frameworks */ = {isa = PBXBuildFile; fileRef = 3552634F5A31B73ECAFF2B9B /* Pods_RockPaperScissor.framework */; };
		9EFCC2BC3F866C848ADEC488 /* Pods_RockPaperScissor_RockPaperScissorUITests.framework in Frameworks */ = {isa = PBXBuildFile; fileRef = FDE2DBE1CE97C7479F4EED21 /* Pods_RockPaperScissor_RockPaperScissorUITests.framework */; };
/* End PBXBuildFile section */

/* Begin PBXContainerItemProxy section */
		47633C2829F4A28D0040DE10 /* PBXContainerItemProxy */ = {
			isa = PBXContainerItemProxy;
			containerPortal = 47633C0F29F4A28B0040DE10 /* Project object */;
			proxyType = 1;
			remoteGlobalIDString = 47633C1629F4A28B0040DE10;
			remoteInfo = RockPaperScissor;
		};
		47633C3229F4A28D0040DE10 /* PBXContainerItemProxy */ = {
			isa = PBXContainerItemProxy;
			containerPortal = 47633C0F29F4A28B0040DE10 /* Project object */;
			proxyType = 1;
			remoteGlobalIDString = 47633C1629F4A28B0040DE10;
			remoteInfo = RockPaperScissor;
		};
/* End PBXContainerItemProxy section */

/* Begin PBXFileReference section */
		2520427BB1C34DB218FD3A5E /* Pods-RockPaperScissor-RockPaperScissorUITests.debug.xcconfig */ = {isa = PBXFileReference; includeInIndex = 1; lastKnownFileType = text.xcconfig; name = "Pods-RockPaperScissor-RockPaperScissorUITests.debug.xcconfig"; path = "Target Support Files/Pods-RockPaperScissor-RockPaperScissorUITests/Pods-RockPaperScissor-RockPaperScissorUITests.debug.xcconfig"; sourceTree = "<group>"; };
		2C062DAFC5609B53FAC438B8 /* Pods-RockPaperScissorTests.debug.xcconfig */ = {isa = PBXFileReference; includeInIndex = 1; lastKnownFileType = text.xcconfig; name = "Pods-RockPaperScissorTests.debug.xcconfig"; path = "Target Support Files/Pods-RockPaperScissorTests/Pods-RockPaperScissorTests.debug.xcconfig"; sourceTree = "<group>"; };
		3552634F5A31B73ECAFF2B9B /* Pods_RockPaperScissor.framework */ = {isa = PBXFileReference; explicitFileType = wrapper.framework; includeInIndex = 0; path = Pods_RockPaperScissor.framework; sourceTree = BUILT_PRODUCTS_DIR; };
		47633C1729F4A28B0040DE10 /* RockPaperScissor.app */ = {isa = PBXFileReference; explicitFileType = wrapper.application; includeInIndex = 0; path = RockPaperScissor.app; sourceTree = BUILT_PRODUCTS_DIR; };
		47633C1A29F4A28B0040DE10 /* RockPaperScissorApp.swift */ = {isa = PBXFileReference; lastKnownFileType = sourcecode.swift; path = RockPaperScissorApp.swift; sourceTree = "<group>"; };
		47633C1C29F4A28B0040DE10 /* ContentView.swift */ = {isa = PBXFileReference; lastKnownFileType = sourcecode.swift; path = ContentView.swift; sourceTree = "<group>"; };
		47633C1E29F4A28D0040DE10 /* Assets.xcassets */ = {isa = PBXFileReference; lastKnownFileType = folder.assetcatalog; path = Assets.xcassets; sourceTree = "<group>"; };
		47633C2729F4A28D0040DE10 /* RockPaperScissorTests.xctest */ = {isa = PBXFileReference; explicitFileType = wrapper.cfbundle; includeInIndex = 0; path = RockPaperScissorTests.xctest; sourceTree = BUILT_PRODUCTS_DIR; };
		47633C2B29F4A28D0040DE10 /* RockPaperScissorTests.swift */ = {isa = PBXFileReference; lastKnownFileType = sourcecode.swift; path = RockPaperScissorTests.swift; sourceTree = "<group>"; };
		47633C3129F4A28D0040DE10 /* RockPaperScissorUITests.xctest */ = {isa = PBXFileReference; explicitFileType = wrapper.cfbundle; includeInIndex = 0; path = RockPaperScissorUITests.xctest; sourceTree = BUILT_PRODUCTS_DIR; };
		47633C3529F4A28D0040DE10 /* RockPaperScissorUITests.swift */ = {isa = PBXFileReference; lastKnownFileType = sourcecode.swift; path = RockPaperScissorUITests.swift; sourceTree = "<group>"; };
		47633C3729F4A28D0040DE10 /* RockPaperScissorUITestsLaunchTests.swift */ = {isa = PBXFileReference; lastKnownFileType = sourcecode.swift; path = RockPaperScissorUITestsLaunchTests.swift; sourceTree = "<group>"; };
		62F7C34DE068A387808D5ADB /* Pods-RockPaperScissor-RockPaperScissorUITests.release.xcconfig */ = {isa = PBXFileReference; includeInIndex = 1; lastKnownFileType = text.xcconfig; name = "Pods-RockPaperScissor-RockPaperScissorUITests.release.xcconfig"; path = "Target Support Files/Pods-RockPaperScissor-RockPaperScissorUITests/Pods-RockPaperScissor-RockPaperScissorUITests.release.xcconfig"; sourceTree = "<group>"; };
		9CCE7BA5CF0F6EFF7DB69C5C /* Pods-RockPaperScissor.release.xcconfig */ = {isa = PBXFileReference; includeInIndex = 1; lastKnownFileType = text.xcconfig; name = "Pods-RockPaperScissor.release.xcconfig"; path = "Target Support Files/Pods-RockPaperScissor/Pods-RockPaperScissor.release.xcconfig"; sourceTree = "<group>"; };
		BE5D089F2ED6C952A219EFAD /* Pods_RockPaperScissorTests.framework */ = {isa = PBXFileReference; explicitFileType = wrapper.framework; includeInIndex = 0; path = Pods_RockPaperScissorTests.framework; sourceTree = BUILT_PRODUCTS_DIR; };
		C070033A19CEE1713F3D56CF /* Pods-RockPaperScissor.debug.xcconfig */ = {isa = PBXFileReference; includeInIndex = 1; lastKnownFileType = text.xcconfig; name = "Pods-RockPaperScissor.debug.xcconfig"; path = "Target Support Files/Pods-RockPaperScissor/Pods-RockPaperScissor.debug.xcconfig"; sourceTree = "<group>"; };
		C1C3857FD76B78D75C890DF5 /* Pods-RockPaperScissorTests.release.xcconfig */ = {isa = PBXFileReference; includeInIndex = 1; lastKnownFileType = text.xcconfig; name = "Pods-RockPaperScissorTests.release.xcconfig"; path = "Target Support Files/Pods-RockPaperScissorTests/Pods-RockPaperScissorTests.release.xcconfig"; sourceTree = "<group>"; };
		FDE2DBE1CE97C7479F4EED21 /* Pods_RockPaperScissor_RockPaperScissorUITests.framework */ = {isa = PBXFileReference; explicitFileType = wrapper.framework; includeInIndex = 0; path = Pods_RockPaperScissor_RockPaperScissorUITests.framework; sourceTree = BUILT_PRODUCTS_DIR; };
/* End PBXFileReference section */

/* Begin PBXFrameworksBuildPhase section */
		47633C1429F4A28B0040DE10 /* Frameworks */ = {
			isa = PBXFrameworksBuildPhase;
			buildActionMask = 2147483647;
			files = (
				6326144BB30B4114F3A02B74 /* Pods_RockPaperScissor.framework in Frameworks */,
			);
			runOnlyForDeploymentPostprocessing = 0;
		};
		47633C2429F4A28D0040DE10 /* Frameworks */ = {
			isa = PBXFrameworksBuildPhase;
			buildActionMask = 2147483647;
			files = (
				1A7F3C2124784FF4C8D86ADD /* Pods_RockPaperScissorTests.framework in Frameworks */,
			);
			runOnlyForDeploymentPostprocessing = 0;
		};
		47633C2E29F4A28D0040DE10 /* Frameworks */ = {
			isa = PBXFrameworksBuildPhase;
			buildActionMask = 2147483647;
			files = (
				9EFCC2BC3F866C848ADEC488 /* Pods_RockPaperScissor_RockPaperScissorUITests.framework in Frameworks */,
			);
			runOnlyForDeploymentPostprocessing = 0;
		};
/* End PBXFrameworksBuildPhase section */

/* Begin PBXGroup section */
		47633C0E29F4A28B0040DE10 = {
			isa = PBXGroup;
			children = (
				47633C1929F4A28B0040DE10 /* RockPaperScissor */,
				47633C2A29F4A28D0040DE10 /* RockPaperScissorTests */,
				47633C3429F4A28D0040DE10 /* RockPaperScissorUITests */,
				47633C1829F4A28B0040DE10 /* Products */,
				F91C4D5A3C3855E8051FBBED /* Pods */,
				ADFDBD4872EEE3C1EC5B06D2 /* Frameworks */,
			);
			sourceTree = "<group>";
		};
		47633C1829F4A28B0040DE10 /* Products */ = {
			isa = PBXGroup;
			children = (
				47633C1729F4A28B0040DE10 /* RockPaperScissor.app */,
				47633C2729F4A28D0040DE10 /* RockPaperScissorTests.xctest */,
				47633C3129F4A28D0040DE10 /* RockPaperScissorUITests.xctest */,
			);
			name = Products;
			sourceTree = "<group>";
		};
		47633C1929F4A28B0040DE10 /* RockPaperScissor */ = {
			isa = PBXGroup;
			children = (
				47633C1A29F4A28B0040DE10 /* RockPaperScissorApp.swift */,
				47633C1C29F4A28B0040DE10 /* ContentView.swift */,
				47633C1E29F4A28D0040DE10 /* Assets.xcassets */,
				47633C2029F4A28D0040DE10 /* Preview Content */,
			);
			path = RockPaperScissor;
			sourceTree = "<group>";
		};
		47633C2029F4A28D0040DE10 /* Preview Content */ = {
			isa = PBXGroup;
			children = (
			);
			path = "Preview Content";
			sourceTree = "<group>";
		};
		47633C2A29F4A28D0040DE10 /* RockPaperScissorTests */ = {
			isa = PBXGroup;
			children = (
				47633C2B29F4A28D0040DE10 /* RockPaperScissorTests.swift */,
			);
			path = RockPaperScissorTests;
			sourceTree = "<group>";
		};
		47633C3429F4A28D0040DE10 /* RockPaperScissorUITests */ = {
			isa = PBXGroup;
			children = (
				47633C3529F4A28D0040DE10 /* RockPaperScissorUITests.swift */,
				47633C3729F4A28D0040DE10 /* RockPaperScissorUITestsLaunchTests.swift */,
			);
			path = RockPaperScissorUITests;
			sourceTree = "<group>";
		};
		ADFDBD4872EEE3C1EC5B06D2 /* Frameworks */ = {
			isa = PBXGroup;
			children = (
				3552634F5A31B73ECAFF2B9B /* Pods_RockPaperScissor.framework */,
				FDE2DBE1CE97C7479F4EED21 /* Pods_RockPaperScissor_RockPaperScissorUITests.framework */,
				BE5D089F2ED6C952A219EFAD /* Pods_RockPaperScissorTests.framework */,
			);
			name = Frameworks;
			sourceTree = "<group>";
		};
		F91C4D5A3C3855E8051FBBED /* Pods */ = {
			isa = PBXGroup;
			children = (
				C070033A19CEE1713F3D56CF /* Pods-RockPaperScissor.debug.xcconfig */,
				9CCE7BA5CF0F6EFF7DB69C5C /* Pods-RockPaperScissor.release.xcconfig */,
				2520427BB1C34DB218FD3A5E /* Pods-RockPaperScissor-RockPaperScissorUITests.debug.xcconfig */,
				62F7C34DE068A387808D5ADB /* Pods-RockPaperScissor-RockPaperScissorUITests.release.xcconfig */,
				2C062DAFC5609B53FAC438B8 /* Pods-RockPaperScissorTests.debug.xcconfig */,
				C1C3857FD76B78D75C890DF5 /* Pods-RockPaperScissorTests.release.xcconfig */,
			);
			path = Pods;
			sourceTree = "<group>";
		};
/* End PBXGroup section */

/* Begin PBXNativeTarget section */
		47633C1629F4A28B0040DE10 /* RockPaperScissor */ = {
			isa = PBXNativeTarget;
			buildConfigurationList = 47633C3B29F4A28D0040DE10 /* Build configuration list for PBXNativeTarget "RockPaperScissor" */;
			buildPhases = (
				F27CE253AC52D17DBD602105 /* [CP] Check Pods Manifest.lock */,
				47633C1329F4A28B0040DE10 /* Sources */,
				47633C1429F4A28B0040DE10 /* Frameworks */,
				47633C1529F4A28B0040DE10 /* Resources */,
			);
			buildRules = (
			);
			dependencies = (
			);
			name = RockPaperScissor;
			productName = RockPaperScissor;
			productReference = 47633C1729F4A28B0040DE10 /* RockPaperScissor.app */;
			productType = "com.apple.product-type.application";
		};
		47633C2629F4A28D0040DE10 /* RockPaperScissorTests */ = {
			isa = PBXNativeTarget;
			buildConfigurationList = 47633C3E29F4A28D0040DE10 /* Build configuration list for PBXNativeTarget "RockPaperScissorTests" */;
			buildPhases = (
				9D63AF4D4E7716A066114A03 /* [CP] Check Pods Manifest.lock */,
				47633C2329F4A28D0040DE10 /* Sources */,
				47633C2429F4A28D0040DE10 /* Frameworks */,
				47633C2529F4A28D0040DE10 /* Resources */,
			);
			buildRules = (
			);
			dependencies = (
				47633C2929F4A28D0040DE10 /* PBXTargetDependency */,
			);
			name = RockPaperScissorTests;
			productName = RockPaperScissorTests;
			productReference = 47633C2729F4A28D0040DE10 /* RockPaperScissorTests.xctest */;
			productType = "com.apple.product-type.bundle.unit-test";
		};
		47633C3029F4A28D0040DE10 /* RockPaperScissorUITests */ = {
			isa = PBXNativeTarget;
			buildConfigurationList = 47633C4129F4A28D0040DE10 /* Build configuration list for PBXNativeTarget "RockPaperScissorUITests" */;
			buildPhases = (
				7027A3F3E59725A9C308EEB6 /* [CP] Check Pods Manifest.lock */,
				47633C2D29F4A28D0040DE10 /* Sources */,
				47633C2E29F4A28D0040DE10 /* Frameworks */,
				47633C2F29F4A28D0040DE10 /* Resources */,
			);
			buildRules = (
			);
			dependencies = (
				47633C3329F4A28D0040DE10 /* PBXTargetDependency */,
			);
			name = RockPaperScissorUITests;
			productName = RockPaperScissorUITests;
			productReference = 47633C3129F4A28D0040DE10 /* RockPaperScissorUITests.xctest */;
			productType = "com.apple.product-type.bundle.ui-testing";
		};
/* End PBXNativeTarget section */

/* Begin PBXProject section */
		47633C0F29F4A28B0040DE10 /* Project object */ = {
			isa = PBXProject;
			attributes = {
				BuildIndependentTargetsInParallel = 1;
				LastSwiftUpdateCheck = 1430;
				LastUpgradeCheck = 1430;
				TargetAttributes = {
					47633C1629F4A28B0040DE10 = {
						CreatedOnToolsVersion = 14.3;
					};
					47633C2629F4A28D0040DE10 = {
						CreatedOnToolsVersion = 14.3;
						TestTargetID = 47633C1629F4A28B0040DE10;
					};
					47633C3029F4A28D0040DE10 = {
						CreatedOnToolsVersion = 14.3;
						TestTargetID = 47633C1629F4A28B0040DE10;
					};
				};
			};
			buildConfigurationList = 47633C1229F4A28B0040DE10 /* Build configuration list for PBXProject "RockPaperScissor" */;
			compatibilityVersion = "Xcode 14.0";
			developmentRegion = en;
			hasScannedForEncodings = 0;
			knownRegions = (
				en,
				Base,
			);
			mainGroup = 47633C0E29F4A28B0040DE10;
			productRefGroup = 47633C1829F4A28B0040DE10 /* Products */;
			projectDirPath = "";
			projectRoot = "";
			targets = (
				47633C1629F4A28B0040DE10 /* RockPaperScissor */,
				47633C2629F4A28D0040DE10 /* RockPaperScissorTests */,
				47633C3029F4A28D0040DE10 /* RockPaperScissorUITests */,
			);
		};
/* End PBXProject section */

/* Begin PBXResourcesBuildPhase section */
		47633C1529F4A28B0040DE10 /* Resources */ = {
			isa = PBXResourcesBuildPhase;
			buildActionMask = 2147483647;
			files = (
				47633C1F29F4A28D0040DE10 /* Assets.xcassets in Resources */,
			);
			runOnlyForDeploymentPostprocessing = 0;
		};
		47633C2529F4A28D0040DE10 /* Resources */ = {
			isa = PBXResourcesBuildPhase;
			buildActionMask = 2147483647;
			files = (
			);
			runOnlyForDeploymentPostprocessing = 0;
		};
		47633C2F29F4A28D0040DE10 /* Resources */ = {
			isa = PBXResourcesBuildPhase;
			buildActionMask = 2147483647;
			files = (
			);
			runOnlyForDeploymentPostprocessing = 0;
		};
/* End PBXResourcesBuildPhase section */

/* Begin PBXShellScriptBuildPhase section */
		7027A3F3E59725A9C308EEB6 /* [CP] Check Pods Manifest.lock */ = {
			isa = PBXShellScriptBuildPhase;
			buildActionMask = 2147483647;
			files = (
			);
			inputFileListPaths = (
			);
			inputPaths = (
				"${PODS_PODFILE_DIR_PATH}/Podfile.lock",
				"${PODS_ROOT}/Manifest.lock",
			);
			name = "[CP] Check Pods Manifest.lock";
			outputFileListPaths = (
			);
			outputPaths = (
				"$(DERIVED_FILE_DIR)/Pods-RockPaperScissor-RockPaperScissorUITests-checkManifestLockResult.txt",
			);
			runOnlyForDeploymentPostprocessing = 0;
			shellPath = /bin/sh;
			shellScript = "diff \"${PODS_PODFILE_DIR_PATH}/Podfile.lock\" \"${PODS_ROOT}/Manifest.lock\" > /dev/null\nif [ $? != 0 ] ; then\n    # print error to STDERR\n    echo \"error: The sandbox is not in sync with the Podfile.lock. Run 'pod install' or update your CocoaPods installation.\" >&2\n    exit 1\nfi\n# This output is used by Xcode 'outputs' to avoid re-running this script phase.\necho \"SUCCESS\" > \"${SCRIPT_OUTPUT_FILE_0}\"\n";
			showEnvVarsInLog = 0;
		};
		9D63AF4D4E7716A066114A03 /* [CP] Check Pods Manifest.lock */ = {
			isa = PBXShellScriptBuildPhase;
			buildActionMask = 2147483647;
			files = (
			);
			inputFileListPaths = (
			);
			inputPaths = (
				"${PODS_PODFILE_DIR_PATH}/Podfile.lock",
				"${PODS_ROOT}/Manifest.lock",
			);
			name = "[CP] Check Pods Manifest.lock";
			outputFileListPaths = (
			);
			outputPaths = (
				"$(DERIVED_FILE_DIR)/Pods-RockPaperScissorTests-checkManifestLockResult.txt",
			);
			runOnlyForDeploymentPostprocessing = 0;
			shellPath = /bin/sh;
			shellScript = "diff \"${PODS_PODFILE_DIR_PATH}/Podfile.lock\" \"${PODS_ROOT}/Manifest.lock\" > /dev/null\nif [ $? != 0 ] ; then\n    # print error to STDERR\n    echo \"error: The sandbox is not in sync with the Podfile.lock. Run 'pod install' or update your CocoaPods installation.\" >&2\n    exit 1\nfi\n# This output is used by Xcode 'outputs' to avoid re-running this script phase.\necho \"SUCCESS\" > \"${SCRIPT_OUTPUT_FILE_0}\"\n";
			showEnvVarsInLog = 0;
		};
		F27CE253AC52D17DBD602105 /* [CP] Check Pods Manifest.lock */ = {
			isa = PBXShellScriptBuildPhase;
			buildActionMask = 2147483647;
			files = (
			);
			inputFileListPaths = (
			);
			inputPaths = (
				"${PODS_PODFILE_DIR_PATH}/Podfile.lock",
				"${PODS_ROOT}/Manifest.lock",
			);
			name = "[CP] Check Pods Manifest.lock";
			outputFileListPaths = (
			);
			outputPaths = (
				"$(DERIVED_FILE_DIR)/Pods-RockPaperScissor-checkManifestLockResult.txt",
			);
			runOnlyForDeploymentPostprocessing = 0;
			shellPath = /bin/sh;
			shellScript = "diff \"${PODS_PODFILE_DIR_PATH}/Podfile.lock\" \"${PODS_ROOT}/Manifest.lock\" > /dev/null\nif [ $? != 0 ] ; then\n    # print error to STDERR\n    echo \"error: The sandbox is not in sync with the Podfile.lock. Run 'pod install' or update your CocoaPods installation.\" >&2\n    exit 1\nfi\n# This output is used by Xcode 'outputs' to avoid re-running this script phase.\necho \"SUCCESS\" > \"${SCRIPT_OUTPUT_FILE_0}\"\n";
			showEnvVarsInLog = 0;
		};
/* End PBXShellScriptBuildPhase section */

/* Begin PBXSourcesBuildPhase section */
		47633C1329F4A28B0040DE10 /* Sources */ = {
			isa = PBXSourcesBuildPhase;
			buildActionMask = 2147483647;
			files = (
				47633C1D29F4A28B0040DE10 /* ContentView.swift in Sources */,
				47633C1B29F4A28B0040DE10 /* RockPaperScissorApp.swift in Sources */,
			);
			runOnlyForDeploymentPostprocessing = 0;
		};
		47633C2329F4A28D0040DE10 /* Sources */ = {
			isa = PBXSourcesBuildPhase;
			buildActionMask = 2147483647;
			files = (
				47633C2C29F4A28D0040DE10 /* RockPaperScissorTests.swift in Sources */,
			);
			runOnlyForDeploymentPostprocessing = 0;
		};
		47633C2D29F4A28D0040DE10 /* Sources */ = {
			isa = PBXSourcesBuildPhase;
			buildActionMask = 2147483647;
			files = (
				47633C3629F4A28D0040DE10 /* RockPaperScissorUITests.swift in Sources */,
				47633C3829F4A28D0040DE10 /* RockPaperScissorUITestsLaunchTests.swift in Sources */,
			);
			runOnlyForDeploymentPostprocessing = 0;
		};
/* End PBXSourcesBuildPhase section */

/* Begin PBXTargetDependency section */
		47633C2929F4A28D0040DE10 /* PBXTargetDependency */ = {
			isa = PBXTargetDependency;
			target = 47633C1629F4A28B0040DE10 /* RockPaperScissor */;
			targetProxy = 47633C2829F4A28D0040DE10 /* PBXContainerItemProxy */;
		};
		47633C3329F4A28D0040DE10 /* PBXTargetDependency */ = {
			isa = PBXTargetDependency;
			target = 47633C1629F4A28B0040DE10 /* RockPaperScissor */;
			targetProxy = 47633C3229F4A28D0040DE10 /* PBXContainerItemProxy */;
		};
/* End PBXTargetDependency section */

/* Begin XCBuildConfiguration section */
		47633C3929F4A28D0040DE10 /* Debug */ = {
			isa = XCBuildConfiguration;
			buildSettings = {
				ALWAYS_SEARCH_USER_PATHS = NO;
				CLANG_ANALYZER_NONNULL = YES;
				CLANG_ANALYZER_NUMBER_OBJECT_CONVERSION = YES_AGGRESSIVE;
				CLANG_CXX_LANGUAGE_STANDARD = "gnu++20";
				CLANG_ENABLE_MODULES = YES;
				CLANG_ENABLE_OBJC_ARC = YES;
				CLANG_ENABLE_OBJC_WEAK = YES;
				CLANG_WARN_BLOCK_CAPTURE_AUTORELEASING = YES;
				CLANG_WARN_BOOL_CONVERSION = YES;
				CLANG_WARN_COMMA = YES;
				CLANG_WARN_CONSTANT_CONVERSION = YES;
				CLANG_WARN_DEPRECATED_OBJC_IMPLEMENTATIONS = YES;
				CLANG_WARN_DIRECT_OBJC_ISA_USAGE = YES_ERROR;
				CLANG_WARN_DOCUMENTATION_COMMENTS = YES;
				CLANG_WARN_EMPTY_BODY = YES;
				CLANG_WARN_ENUM_CONVERSION = YES;
				CLANG_WARN_INFINITE_RECURSION = YES;
				CLANG_WARN_INT_CONVERSION = YES;
				CLANG_WARN_NON_LITERAL_NULL_CONVERSION = YES;
				CLANG_WARN_OBJC_IMPLICIT_RETAIN_SELF = YES;
				CLANG_WARN_OBJC_LITERAL_CONVERSION = YES;
				CLANG_WARN_OBJC_ROOT_CLASS = YES_ERROR;
				CLANG_WARN_QUOTED_INCLUDE_IN_FRAMEWORK_HEADER = YES;
				CLANG_WARN_RANGE_LOOP_ANALYSIS = YES;
				CLANG_WARN_STRICT_PROTOTYPES = YES;
				CLANG_WARN_SUSPICIOUS_MOVE = YES;
				CLANG_WARN_UNGUARDED_AVAILABILITY = YES_AGGRESSIVE;
				CLANG_WARN_UNREACHABLE_CODE = YES;
				CLANG_WARN__DUPLICATE_METHOD_MATCH = YES;
				COPY_PHASE_STRIP = NO;
				DEBUG_INFORMATION_FORMAT = dwarf;
				ENABLE_STRICT_OBJC_MSGSEND = YES;
				ENABLE_TESTABILITY = YES;
				GCC_C_LANGUAGE_STANDARD = gnu11;
				GCC_DYNAMIC_NO_PIC = NO;
				GCC_NO_COMMON_BLOCKS = YES;
				GCC_OPTIMIZATION_LEVEL = 0;
				GCC_PREPROCESSOR_DEFINITIONS = (
					"DEBUG=1",
					"$(inherited)",
				);
				GCC_WARN_64_TO_32_BIT_CONVERSION = YES;
				GCC_WARN_ABOUT_RETURN_TYPE = YES_ERROR;
				GCC_WARN_UNDECLARED_SELECTOR = YES;
				GCC_WARN_UNINITIALIZED_AUTOS = YES_AGGRESSIVE;
				GCC_WARN_UNUSED_FUNCTION = YES;
				GCC_WARN_UNUSED_VARIABLE = YES;
				IPHONEOS_DEPLOYMENT_TARGET = 16.4;
				MTL_ENABLE_DEBUG_INFO = INCLUDE_SOURCE;
				MTL_FAST_MATH = YES;
				ONLY_ACTIVE_ARCH = YES;
				SDKROOT = iphoneos;
				SWIFT_ACTIVE_COMPILATION_CONDITIONS = DEBUG;
				SWIFT_OPTIMIZATION_LEVEL = "-Onone";
			};
			name = Debug;
		};
		47633C3A29F4A28D0040DE10 /* Release */ = {
			isa = XCBuildConfiguration;
			buildSettings = {
				ALWAYS_SEARCH_USER_PATHS = NO;
				CLANG_ANALYZER_NONNULL = YES;
				CLANG_ANALYZER_NUMBER_OBJECT_CONVERSION = YES_AGGRESSIVE;
				CLANG_CXX_LANGUAGE_STANDARD = "gnu++20";
				CLANG_ENABLE_MODULES = YES;
				CLANG_ENABLE_OBJC_ARC = YES;
				CLANG_ENABLE_OBJC_WEAK = YES;
				CLANG_WARN_BLOCK_CAPTURE_AUTORELEASING = YES;
				CLANG_WARN_BOOL_CONVERSION = YES;
				CLANG_WARN_COMMA = YES;
				CLANG_WARN_CONSTANT_CONVERSION = YES;
				CLANG_WARN_DEPRECATED_OBJC_IMPLEMENTATIONS = YES;
				CLANG_WARN_DIRECT_OBJC_ISA_USAGE = YES_ERROR;
				CLANG_WARN_DOCUMENTATION_COMMENTS = YES;
				CLANG_WARN_EMPTY_BODY = YES;
				CLANG_WARN_ENUM_CONVERSION = YES;
				CLANG_WARN_INFINITE_RECURSION = YES;
				CLANG_WARN_INT_CONVERSION = YES;
				CLANG_WARN_NON_LITERAL_NULL_CONVERSION = YES;
				CLANG_WARN_OBJC_IMPLICIT_RETAIN_SELF = YES;
				CLANG_WARN_OBJC_LITERAL_CONVERSION = YES;
				CLANG_WARN_OBJC_ROOT_CLASS = YES_ERROR;
				CLANG_WARN_QUOTED_INCLUDE_IN_FRAMEWORK_HEADER = YES;
				CLANG_WARN_RANGE_LOOP_ANALYSIS = YES;
				CLANG_WARN_STRICT_PROTOTYPES = YES;
				CLANG_WARN_SUSPICIOUS_MOVE = YES;
				CLANG_WARN_UNGUARDED_AVAILABILITY = YES_AGGRESSIVE;
				CLANG_WARN_UNREACHABLE_CODE = YES;
				CLANG_WARN__DUPLICATE_METHOD_MATCH = YES;
				COPY_PHASE_STRIP = NO;
				DEBUG_INFORMATION_FORMAT = "dwarf-with-dsym";
				ENABLE_NS_ASSERTIONS = NO;
				ENABLE_STRICT_OBJC_MSGSEND = YES;
				GCC_C_LANGUAGE_STANDARD = gnu11;
				GCC_NO_COMMON_BLOCKS = YES;
				GCC_WARN_64_TO_32_BIT_CONVERSION = YES;
				GCC_WARN_ABOUT_RETURN_TYPE = YES_ERROR;
				GCC_WARN_UNDECLARED_SELECTOR = YES;
				GCC_WARN_UNINITIALIZED_AUTOS = YES_AGGRESSIVE;
				GCC_WARN_UNUSED_FUNCTION = YES;
				GCC_WARN_UNUSED_VARIABLE = YES;
				IPHONEOS_DEPLOYMENT_TARGET = 16.4;
				MTL_ENABLE_DEBUG_INFO = NO;
				MTL_FAST_MATH = YES;
				SDKROOT = iphoneos;
				SWIFT_COMPILATION_MODE = wholemodule;
				SWIFT_OPTIMIZATION_LEVEL = "-O";
				VALIDATE_PRODUCT = YES;
			};
			name = Release;
		};
		47633C3C29F4A28D0040DE10 /* Debug */ = {
			isa = XCBuildConfiguration;
			baseConfigurationReference = C070033A19CEE1713F3D56CF /* Pods-RockPaperScissor.debug.xcconfig */;
			buildSettings = {
				ASSETCATALOG_COMPILER_APPICON_NAME = AppIcon;
				ASSETCATALOG_COMPILER_GLOBAL_ACCENT_COLOR_NAME = AccentColor;
				CODE_SIGN_STYLE = Automatic;
				CURRENT_PROJECT_VERSION = 1;
				DEVELOPMENT_ASSET_PATHS = "\"RockPaperScissor/Preview Content\"";
				DEVELOPMENT_TEAM = GW474U252V;
				ENABLE_PREVIEWS = YES;
				GENERATE_INFOPLIST_FILE = YES;
				INFOPLIST_KEY_UIApplicationSceneManifest_Generation = YES;
				INFOPLIST_KEY_UIApplicationSupportsIndirectInputEvents = YES;
				INFOPLIST_KEY_UILaunchScreen_Generation = YES;
				INFOPLIST_KEY_UISupportedInterfaceOrientations_iPad = "UIInterfaceOrientationPortrait UIInterfaceOrientationPortraitUpsideDown UIInterfaceOrientationLandscapeLeft UIInterfaceOrientationLandscapeRight";
				INFOPLIST_KEY_UISupportedInterfaceOrientations_iPhone = "UIInterfaceOrientationPortrait UIInterfaceOrientationLandscapeLeft UIInterfaceOrientationLandscapeRight";
				LD_RUNPATH_SEARCH_PATHS = (
					"$(inherited)",
					"@executable_path/Frameworks",
				);
				MARKETING_VERSION = 1.0;
				PRODUCT_BUNDLE_IDENTIFIER = com.dev.rockpaperscissor.RockPaperScissor;
				PRODUCT_NAME = "$(TARGET_NAME)";
				SWIFT_EMIT_LOC_STRINGS = YES;
				SWIFT_VERSION = 5.0;
				TARGETED_DEVICE_FAMILY = "1,2";
				"TEST_HOST[sdk=*]" = "";
			};
			name = Debug;
		};
		47633C3D29F4A28D0040DE10 /* Release */ = {
			isa = XCBuildConfiguration;
			baseConfigurationReference = 9CCE7BA5CF0F6EFF7DB69C5C /* Pods-RockPaperScissor.release.xcconfig */;
			buildSettings = {
				ASSETCATALOG_COMPILER_APPICON_NAME = AppIcon;
				ASSETCATALOG_COMPILER_GLOBAL_ACCENT_COLOR_NAME = AccentColor;
				CODE_SIGN_STYLE = Automatic;
				CURRENT_PROJECT_VERSION = 1;
				DEVELOPMENT_ASSET_PATHS = "\"RockPaperScissor/Preview Content\"";
				DEVELOPMENT_TEAM = GW474U252V;
				ENABLE_PREVIEWS = YES;
				GENERATE_INFOPLIST_FILE = YES;
				INFOPLIST_KEY_UIApplicationSceneManifest_Generation = YES;
				INFOPLIST_KEY_UIApplicationSupportsIndirectInputEvents = YES;
				INFOPLIST_KEY_UILaunchScreen_Generation = YES;
				INFOPLIST_KEY_UISupportedInterfaceOrientations_iPad = "UIInterfaceOrientationPortrait UIInterfaceOrientationPortraitUpsideDown UIInterfaceOrientationLandscapeLeft UIInterfaceOrientationLandscapeRight";
				INFOPLIST_KEY_UISupportedInterfaceOrientations_iPhone = "UIInterfaceOrientationPortrait UIInterfaceOrientationLandscapeLeft UIInterfaceOrientationLandscapeRight";
				LD_RUNPATH_SEARCH_PATHS = (
					"$(inherited)",
					"@executable_path/Frameworks",
				);
				MARKETING_VERSION = 1.0;
				PRODUCT_BUNDLE_IDENTIFIER = com.dev.rockpaperscissor.RockPaperScissor;
				PRODUCT_NAME = "$(TARGET_NAME)";
				SWIFT_EMIT_LOC_STRINGS = YES;
				SWIFT_VERSION = 5.0;
				TARGETED_DEVICE_FAMILY = "1,2";
			};
			name = Release;
		};
		47633C3F29F4A28D0040DE10 /* Debug */ = {
			isa = XCBuildConfiguration;
			baseConfigurationReference = 2C062DAFC5609B53FAC438B8 /* Pods-RockPaperScissorTests.debug.xcconfig */;
			buildSettings = {
				ALWAYS_EMBED_SWIFT_STANDARD_LIBRARIES = YES;
				BUNDLE_LOADER = "$(TEST_HOST)";
				CODE_SIGN_STYLE = Automatic;
				CURRENT_PROJECT_VERSION = 1;
				DEVELOPMENT_TEAM = GW474U252V;
				GENERATE_INFOPLIST_FILE = YES;
				IPHONEOS_DEPLOYMENT_TARGET = 16.4;
				MARKETING_VERSION = 1.0;
				PRODUCT_BUNDLE_IDENTIFIER = com.dev.rockpaperscissor.RockPaperScissorTests;
				PRODUCT_NAME = "$(TARGET_NAME)";
				SWIFT_EMIT_LOC_STRINGS = NO;
				SWIFT_VERSION = 5.0;
				TARGETED_DEVICE_FAMILY = "1,2";
				TEST_HOST = "$(BUILT_PRODUCTS_DIR)/RockPaperScissor.app/$(BUNDLE_EXECUTABLE_FOLDER_PATH)/RockPaperScissor";
			};
			name = Debug;
		};
		47633C4029F4A28D0040DE10 /* Release */ = {
			isa = XCBuildConfiguration;
			baseConfigurationReference = C1C3857FD76B78D75C890DF5 /* Pods-RockPaperScissorTests.release.xcconfig */;
			buildSettings = {
				ALWAYS_EMBED_SWIFT_STANDARD_LIBRARIES = YES;
				BUNDLE_LOADER = "$(TEST_HOST)";
				CODE_SIGN_STYLE = Automatic;
				CURRENT_PROJECT_VERSION = 1;
				DEVELOPMENT_TEAM = GW474U252V;
				GENERATE_INFOPLIST_FILE = YES;
				IPHONEOS_DEPLOYMENT_TARGET = 16.4;
				MARKETING_VERSION = 1.0;
				PRODUCT_BUNDLE_IDENTIFIER = com.dev.rockpaperscissor.RockPaperScissorTests;
				PRODUCT_NAME = "$(TARGET_NAME)";
				SWIFT_EMIT_LOC_STRINGS = NO;
				SWIFT_VERSION = 5.0;
				TARGETED_DEVICE_FAMILY = "1,2";
				TEST_HOST = "$(BUILT_PRODUCTS_DIR)/RockPaperScissor.app/$(BUNDLE_EXECUTABLE_FOLDER_PATH)/RockPaperScissor";
			};
			name = Release;
		};
		47633C4229F4A28D0040DE10 /* Debug */ = {
			isa = XCBuildConfiguration;
			baseConfigurationReference = 2520427BB1C34DB218FD3A5E /* Pods-RockPaperScissor-RockPaperScissorUITests.debug.xcconfig */;
			buildSettings = {
				ALWAYS_EMBED_SWIFT_STANDARD_LIBRARIES = YES;
				CODE_SIGN_STYLE = Automatic;
				CURRENT_PROJECT_VERSION = 1;
				DEVELOPMENT_TEAM = GW474U252V;
				GENERATE_INFOPLIST_FILE = YES;
				MARKETING_VERSION = 1.0;
				PRODUCT_BUNDLE_IDENTIFIER = com.dev.rockpaperscissor.RockPaperScissorUITests;
				PRODUCT_NAME = "$(TARGET_NAME)";
				SWIFT_EMIT_LOC_STRINGS = NO;
				SWIFT_VERSION = 5.0;
				TARGETED_DEVICE_FAMILY = "1,2";
				TEST_TARGET_NAME = RockPaperScissor;
			};
			name = Debug;
		};
		47633C4329F4A28D0040DE10 /* Release */ = {
			isa = XCBuildConfiguration;
			baseConfigurationReference = 62F7C34DE068A387808D5ADB /* Pods-RockPaperScissor-RockPaperScissorUITests.release.xcconfig */;
			buildSettings = {
				ALWAYS_EMBED_SWIFT_STANDARD_LIBRARIES = YES;
				CODE_SIGN_STYLE = Automatic;
				CURRENT_PROJECT_VERSION = 1;
				DEVELOPMENT_TEAM = GW474U252V;
				GENERATE_INFOPLIST_FILE = YES;
				MARKETING_VERSION = 1.0;
				PRODUCT_BUNDLE_IDENTIFIER = com.dev.rockpaperscissor.RockPaperScissorUITests;
				PRODUCT_NAME = "$(TARGET_NAME)";
				SWIFT_EMIT_LOC_STRINGS = NO;
				SWIFT_VERSION = 5.0;
				TARGETED_DEVICE_FAMILY = "1,2";
				TEST_TARGET_NAME = RockPaperScissor;
			};
			name = Release;
		};
/* End XCBuildConfiguration section */

/* Begin XCConfigurationList section */
		47633C1229F4A28B0040DE10 /* Build configuration list for PBXProject "RockPaperScissor" */ = {
			isa = XCConfigurationList;
			buildConfigurations = (
				47633C3929F4A28D0040DE10 /* Debug */,
				47633C3A29F4A28D0040DE10 /* Release */,
			);
			defaultConfigurationIsVisible = 0;
			defaultConfigurationName = Release;
		};
		47633C3B29F4A28D0040DE10 /* Build configuration list for PBXNativeTarget "RockPaperScissor" */ = {
			isa = XCConfigurationList;
			buildConfigurations = (
				47633C3C29F4A28D0040DE10 /* Debug */,
				47633C3D29F4A28D0040DE10 /* Release */,
			);
			defaultConfigurationIsVisible = 0;
			defaultConfigurationName = Release;
		};
		47633C3E29F4A28D0040DE10 /* Build configuration list for PBXNativeTarget "RockPaperScissorTests" */ = {
			isa = XCConfigurationList;
			buildConfigurations = (
				47633C3F29F4A28D0040DE10 /* Debug */,
				47633C4029F4A28D0040DE10 /* Release */,
			);
			defaultConfigurationIsVisible = 0;
			defaultConfigurationName = Release;
		};
		47633C4129F4A28D0040DE10 /* Build configuration list for PBXNativeTarget "RockPaperScissorUITests" */ = {
			isa = XCConfigurationList;
			buildConfigurations = (
				47633C4229F4A28D0040DE10 /* Debug */,
				47633C4329F4A28D0040DE10 /* Release */,
			);
			defaultConfigurationIsVisible = 0;
			defaultConfigurationName = Release;
		};
/* End XCConfigurationList section */
	};
	rootObject = 47633C0F29F4A28B0040DE10 /* Project object */;
}
